// !$*UTF8*$!
{
	archiveVersion = 1;
	classes = {
	};
	objectVersion = 55;
	objects = {

/* Begin PBXBuildFile section */
		F56A4DD728BC52AB006866DD /* AppDelegate.swift in Sources */ = {isa = PBXBuildFile; fileRef = F56A4DD628BC52AB006866DD /* AppDelegate.swift */; };
		F56A4DD928BC52AB006866DD /* SceneDelegate.swift in Sources */ = {isa = PBXBuildFile; fileRef = F56A4DD828BC52AB006866DD /* SceneDelegate.swift */; };
		F56A4DDE28BC52AB006866DD /* Main.storyboard in Resources */ = {isa = PBXBuildFile; fileRef = F56A4DDC28BC52AB006866DD /* Main.storyboard */; };
		F56A4DE028BC52AC006866DD /* Assets.xcassets in Resources */ = {isa = PBXBuildFile; fileRef = F56A4DDF28BC52AC006866DD /* Assets.xcassets */; };
		F56A4DE328BC52AC006866DD /* Loading.storyboard in Resources */ = {isa = PBXBuildFile; fileRef = F56A4DE128BC52AC006866DD /* Loading.storyboard */; };
		F56A4DEF28BC5B3F006866DD /* LoadingViewController.swift in Sources */ = {isa = PBXBuildFile; fileRef = F56A4DEE28BC5B3F006866DD /* LoadingViewController.swift */; };
		F56A4DF128BC5DF1006866DD /* MainViewController.swift in Sources */ = {isa = PBXBuildFile; fileRef = F56A4DF028BC5DF1006866DD /* MainViewController.swift */; };
		F56A4DF628BC6CD4006866DD /* FilmViewController.swift in Sources */ = {isa = PBXBuildFile; fileRef = F56A4DF528BC6CD4006866DD /* FilmViewController.swift */; };
		F56A4DF828BC6DAB006866DD /* TelevisionViewController.swift in Sources */ = {isa = PBXBuildFile; fileRef = F56A4DF728BC6DAB006866DD /* TelevisionViewController.swift */; };
		F56A4DFA28BC6DD4006866DD /* FavoriteViewController.swift in Sources */ = {isa = PBXBuildFile; fileRef = F56A4DF928BC6DD4006866DD /* FavoriteViewController.swift */; };
/* End PBXBuildFile section */

/* Begin PBXFileReference section */
		F56A4DD328BC52AB006866DD /* Pitzz.app */ = {isa = PBXFileReference; explicitFileType = wrapper.application; includeInIndex = 0; path = Pitzz.app; sourceTree = BUILT_PRODUCTS_DIR; };
		F56A4DD628BC52AB006866DD /* AppDelegate.swift */ = {isa = PBXFileReference; lastKnownFileType = sourcecode.swift; path = AppDelegate.swift; sourceTree = "<group>"; };
		F56A4DD828BC52AB006866DD /* SceneDelegate.swift */ = {isa = PBXFileReference; lastKnownFileType = sourcecode.swift; path = SceneDelegate.swift; sourceTree = "<group>"; };
		F56A4DDD28BC52AB006866DD /* Base */ = {isa = PBXFileReference; lastKnownFileType = file.storyboard; name = Base; path = Base.lproj/Main.storyboard; sourceTree = "<group>"; };
		F56A4DDF28BC52AC006866DD /* Assets.xcassets */ = {isa = PBXFileReference; lastKnownFileType = folder.assetcatalog; path = Assets.xcassets; sourceTree = "<group>"; };
		F56A4DE228BC52AC006866DD /* Base */ = {isa = PBXFileReference; lastKnownFileType = file.storyboard; name = Base; path = Base.lproj/Loading.storyboard; sourceTree = "<group>"; };
		F56A4DE428BC52AC006866DD /* Info.plist */ = {isa = PBXFileReference; lastKnownFileType = text.plist.xml; path = Info.plist; sourceTree = "<group>"; };
		F56A4DEE28BC5B3F006866DD /* LoadingViewController.swift */ = {isa = PBXFileReference; lastKnownFileType = sourcecode.swift; path = LoadingViewController.swift; sourceTree = "<group>"; };
		F56A4DF028BC5DF1006866DD /* MainViewController.swift */ = {isa = PBXFileReference; lastKnownFileType = sourcecode.swift; path = MainViewController.swift; sourceTree = "<group>"; };
		F56A4DF528BC6CD4006866DD /* FilmViewController.swift */ = {isa = PBXFileReference; lastKnownFileType = sourcecode.swift; path = FilmViewController.swift; sourceTree = "<group>"; };
		F56A4DF728BC6DAB006866DD /* TelevisionViewController.swift */ = {isa = PBXFileReference; lastKnownFileType = sourcecode.swift; path = TelevisionViewController.swift; sourceTree = "<group>"; };
		F56A4DF928BC6DD4006866DD /* FavoriteViewController.swift */ = {isa = PBXFileReference; lastKnownFileType = sourcecode.swift; path = FavoriteViewController.swift; sourceTree = "<group>"; };
/* End PBXFileReference section */

/* Begin PBXFrameworksBuildPhase section */
		F56A4DD028BC52AB006866DD /* Frameworks */ = {
			isa = PBXFrameworksBuildPhase;
			buildActionMask = 2147483647;
			files = (
			);
			runOnlyForDeploymentPostprocessing = 0;
		};
/* End PBXFrameworksBuildPhase section */

/* Begin PBXGroup section */
		F56A4DCA28BC52AB006866DD = {
			isa = PBXGroup;
			children = (
				F56A4DD528BC52AB006866DD /* Pitzz */,
				F56A4DD428BC52AB006866DD /* Products */,
			);
			sourceTree = "<group>";
		};
		F56A4DD428BC52AB006866DD /* Products */ = {
			isa = PBXGroup;
			children = (
				F56A4DD328BC52AB006866DD /* Pitzz.app */,
			);
			name = Products;
			sourceTree = "<group>";
		};
		F56A4DD528BC52AB006866DD /* Pitzz */ = {
			isa = PBXGroup;
			children = (
				F56A4DEB28BC52DF006866DD /* Data */,
				F56A4DEA28BC52D5006866DD /* Ui */,
				F56A4DD628BC52AB006866DD /* AppDelegate.swift */,
				F56A4DD828BC52AB006866DD /* SceneDelegate.swift */,
				F56A4DDF28BC52AC006866DD /* Assets.xcassets */,
				F56A4DE428BC52AC006866DD /* Info.plist */,
			);
			path = Pitzz;
			sourceTree = "<group>";
		};
		F56A4DEA28BC52D5006866DD /* Ui */ = {
			isa = PBXGroup;
			children = (
				F56A4DED28BC5A1D006866DD /* Main */,
				F56A4DEC28BC5A08006866DD /* Loading */,
			);
			path = Ui;
			sourceTree = "<group>";
		};
		F56A4DEB28BC52DF006866DD /* Data */ = {
			isa = PBXGroup;
			children = (
			);
			path = Data;
			sourceTree = "<group>";
		};
		F56A4DEC28BC5A08006866DD /* Loading */ = {
			isa = PBXGroup;
			children = (
				F56A4DE128BC52AC006866DD /* Loading.storyboard */,
				F56A4DEE28BC5B3F006866DD /* LoadingViewController.swift */,
			);
			path = Loading;
			sourceTree = "<group>";
		};
		F56A4DED28BC5A1D006866DD /* Main */ = {
			isa = PBXGroup;
			children = (
				F56A4DF428BC6CBE006866DD /* Favorite */,
				F56A4DF328BC6CB1006866DD /* Television */,
				F56A4DF228BC6CA8006866DD /* Film */,
				F56A4DDC28BC52AB006866DD /* Main.storyboard */,
				F56A4DF028BC5DF1006866DD /* MainViewController.swift */,
			);
			path = Main;
			sourceTree = "<group>";
		};
		F56A4DF228BC6CA8006866DD /* Film */ = {
			isa = PBXGroup;
			children = (
				F56A4DF528BC6CD4006866DD /* FilmViewController.swift */,
			);
			path = Film;
			sourceTree = "<group>";
		};
		F56A4DF328BC6CB1006866DD /* Television */ = {
			isa = PBXGroup;
			children = (
				F56A4DF728BC6DAB006866DD /* TelevisionViewController.swift */,
			);
			path = Television;
			sourceTree = "<group>";
		};
		F56A4DF428BC6CBE006866DD /* Favorite */ = {
			isa = PBXGroup;
			children = (
				F56A4DF928BC6DD4006866DD /* FavoriteViewController.swift */,
			);
			path = Favorite;
			sourceTree = "<group>";
		};
/* End PBXGroup section */

/* Begin PBXNativeTarget section */
		F56A4DD228BC52AB006866DD /* Pitzz */ = {
			isa = PBXNativeTarget;
			buildConfigurationList = F56A4DE728BC52AC006866DD /* Build configuration list for PBXNativeTarget "Pitzz" */;
			buildPhases = (
				F56A4DCF28BC52AB006866DD /* Sources */,
				F56A4DD028BC52AB006866DD /* Frameworks */,
				F56A4DD128BC52AB006866DD /* Resources */,
			);
			buildRules = (
			);
			dependencies = (
			);
			name = Pitzz;
			productName = Pitzz;
			productReference = F56A4DD328BC52AB006866DD /* Pitzz.app */;
			productType = "com.apple.product-type.application";
		};
/* End PBXNativeTarget section */

/* Begin PBXProject section */
		F56A4DCB28BC52AB006866DD /* Project object */ = {
			isa = PBXProject;
			attributes = {
				BuildIndependentTargetsInParallel = 1;
				LastSwiftUpdateCheck = 1340;
				LastUpgradeCheck = 1340;
				TargetAttributes = {
					F56A4DD228BC52AB006866DD = {
						CreatedOnToolsVersion = 13.4.1;
					};
				};
			};
			buildConfigurationList = F56A4DCE28BC52AB006866DD /* Build configuration list for PBXProject "Pitzz" */;
			compatibilityVersion = "Xcode 13.0";
			developmentRegion = en;
			hasScannedForEncodings = 0;
			knownRegions = (
				en,
				Base,
			);
			mainGroup = F56A4DCA28BC52AB006866DD;
			productRefGroup = F56A4DD428BC52AB006866DD /* Products */;
			projectDirPath = "";
			projectRoot = "";
			targets = (
				F56A4DD228BC52AB006866DD /* Pitzz */,
			);
		};
/* End PBXProject section */

/* Begin PBXResourcesBuildPhase section */
		F56A4DD128BC52AB006866DD /* Resources */ = {
			isa = PBXResourcesBuildPhase;
			buildActionMask = 2147483647;
			files = (
				F56A4DE328BC52AC006866DD /* Loading.storyboard in Resources */,
				F56A4DE028BC52AC006866DD /* Assets.xcassets in Resources */,
				F56A4DDE28BC52AB006866DD /* Main.storyboard in Resources */,
			);
			runOnlyForDeploymentPostprocessing = 0;
		};
/* End PBXResourcesBuildPhase section */

/* Begin PBXSourcesBuildPhase section */
		F56A4DCF28BC52AB006866DD /* Sources */ = {
			isa = PBXSourcesBuildPhase;
			buildActionMask = 2147483647;
			files = (
				F56A4DD728BC52AB006866DD /* AppDelegate.swift in Sources */,
				F56A4DD928BC52AB006866DD /* SceneDelegate.swift in Sources */,
				F56A4DF828BC6DAB006866DD /* TelevisionViewController.swift in Sources */,
				F56A4DFA28BC6DD4006866DD /* FavoriteViewController.swift in Sources */,
				F56A4DEF28BC5B3F006866DD /* LoadingViewController.swift in Sources */,
				F56A4DF628BC6CD4006866DD /* FilmViewController.swift in Sources */,
				F56A4DF128BC5DF1006866DD /* MainViewController.swift in Sources */,
			);
			runOnlyForDeploymentPostprocessing = 0;
		};
/* End PBXSourcesBuildPhase section */

/* Begin PBXVariantGroup section */
		F56A4DDC28BC52AB006866DD /* Main.storyboard */ = {
			isa = PBXVariantGroup;
			children = (
				F56A4DDD28BC52AB006866DD /* Base */,
			);
			name = Main.storyboard;
			sourceTree = "<group>";
		};
		F56A4DE128BC52AC006866DD /* Loading.storyboard */ = {
			isa = PBXVariantGroup;
			children = (
				F56A4DE228BC52AC006866DD /* Base */,
			);
			name = Loading.storyboard;
			sourceTree = "<group>";
		};
/* End PBXVariantGroup section */

/* Begin XCBuildConfiguration section */
		F56A4DE528BC52AC006866DD /* Debug */ = {
			isa = XCBuildConfiguration;
			buildSettings = {
				ALWAYS_SEARCH_USER_PATHS = NO;
				CLANG_ANALYZER_NONNULL = YES;
				CLANG_ANALYZER_NUMBER_OBJECT_CONVERSION = YES_AGGRESSIVE;
				CLANG_CXX_LANGUAGE_STANDARD = "gnu++17";
				CLANG_ENABLE_MODULES = YES;
				CLANG_ENABLE_OBJC_ARC = YES;
				CLANG_ENABLE_OBJC_WEAK = YES;
				CLANG_WARN_BLOCK_CAPTURE_AUTORELEASING = YES;
				CLANG_WARN_BOOL_CONVERSION = YES;
				CLANG_WARN_COMMA = YES;
				CLANG_WARN_CONSTANT_CONVERSION = YES;
				CLANG_WARN_DEPRECATED_OBJC_IMPLEMENTATIONS = YES;
				CLANG_WARN_DIRECT_OBJC_ISA_USAGE = YES_ERROR;
				CLANG_WARN_DOCUMENTATION_COMMENTS = YES;
				CLANG_WARN_EMPTY_BODY = YES;
				CLANG_WARN_ENUM_CONVERSION = YES;
				CLANG_WARN_INFINITE_RECURSION = YES;
				CLANG_WARN_INT_CONVERSION = YES;
				CLANG_WARN_NON_LITERAL_NULL_CONVERSION = YES;
				CLANG_WARN_OBJC_IMPLICIT_RETAIN_SELF = YES;
				CLANG_WARN_OBJC_LITERAL_CONVERSION = YES;
				CLANG_WARN_OBJC_ROOT_CLASS = YES_ERROR;
				CLANG_WARN_QUOTED_INCLUDE_IN_FRAMEWORK_HEADER = YES;
				CLANG_WARN_RANGE_LOOP_ANALYSIS = YES;
				CLANG_WARN_STRICT_PROTOTYPES = YES;
				CLANG_WARN_SUSPICIOUS_MOVE = YES;
				CLANG_WARN_UNGUARDED_AVAILABILITY = YES_AGGRESSIVE;
				CLANG_WARN_UNREACHABLE_CODE = YES;
				CLANG_WARN__DUPLICATE_METHOD_MATCH = YES;
				COPY_PHASE_STRIP = NO;
				DEBUG_INFORMATION_FORMAT = dwarf;
				ENABLE_STRICT_OBJC_MSGSEND = YES;
				ENABLE_TESTABILITY = YES;
				GCC_C_LANGUAGE_STANDARD = gnu11;
				GCC_DYNAMIC_NO_PIC = NO;
				GCC_NO_COMMON_BLOCKS = YES;
				GCC_OPTIMIZATION_LEVEL = 0;
				GCC_PREPROCESSOR_DEFINITIONS = (
					"DEBUG=1",
					"$(inherited)",
				);
				GCC_WARN_64_TO_32_BIT_CONVERSION = YES;
				GCC_WARN_ABOUT_RETURN_TYPE = YES_ERROR;
				GCC_WARN_UNDECLARED_SELECTOR = YES;
				GCC_WARN_UNINITIALIZED_AUTOS = YES_AGGRESSIVE;
				GCC_WARN_UNUSED_FUNCTION = YES;
				GCC_WARN_UNUSED_VARIABLE = YES;
				IPHONEOS_DEPLOYMENT_TARGET = 15.5;
				MTL_ENABLE_DEBUG_INFO = INCLUDE_SOURCE;
				MTL_FAST_MATH = YES;
				ONLY_ACTIVE_ARCH = YES;
				SDKROOT = iphoneos;
				SWIFT_ACTIVE_COMPILATION_CONDITIONS = DEBUG;
				SWIFT_OPTIMIZATION_LEVEL = "-Onone";
			};
			name = Debug;
		};
		F56A4DE628BC52AC006866DD /* Release */ = {
			isa = XCBuildConfiguration;
			buildSettings = {
				ALWAYS_SEARCH_USER_PATHS = NO;
				CLANG_ANALYZER_NONNULL = YES;
				CLANG_ANALYZER_NUMBER_OBJECT_CONVERSION = YES_AGGRESSIVE;
				CLANG_CXX_LANGUAGE_STANDARD = "gnu++17";
				CLANG_ENABLE_MODULES = YES;
				CLANG_ENABLE_OBJC_ARC = YES;
				CLANG_ENABLE_OBJC_WEAK = YES;
				CLANG_WARN_BLOCK_CAPTURE_AUTORELEASING = YES;
				CLANG_WARN_BOOL_CONVERSION = YES;
				CLANG_WARN_COMMA = YES;
				CLANG_WARN_CONSTANT_CONVERSION = YES;
				CLANG_WARN_DEPRECATED_OBJC_IMPLEMENTATIONS = YES;
				CLANG_WARN_DIRECT_OBJC_ISA_USAGE = YES_ERROR;
				CLANG_WARN_DOCUMENTATION_COMMENTS = YES;
				CLANG_WARN_EMPTY_BODY = YES;
				CLANG_WARN_ENUM_CONVERSION = YES;
				CLANG_WARN_INFINITE_RECURSION = YES;
				CLANG_WARN_INT_CONVERSION = YES;
				CLANG_WARN_NON_LITERAL_NULL_CONVERSION = YES;
				CLANG_WARN_OBJC_IMPLICIT_RETAIN_SELF = YES;
				CLANG_WARN_OBJC_LITERAL_CONVERSION = YES;
				CLANG_WARN_OBJC_ROOT_CLASS = YES_ERROR;
				CLANG_WARN_QUOTED_INCLUDE_IN_FRAMEWORK_HEADER = YES;
				CLANG_WARN_RANGE_LOOP_ANALYSIS = YES;
				CLANG_WARN_STRICT_PROTOTYPES = YES;
				CLANG_WARN_SUSPICIOUS_MOVE = YES;
				CLANG_WARN_UNGUARDED_AVAILABILITY = YES_AGGRESSIVE;
				CLANG_WARN_UNREACHABLE_CODE = YES;
				CLANG_WARN__DUPLICATE_METHOD_MATCH = YES;
				COPY_PHASE_STRIP = NO;
				DEBUG_INFORMATION_FORMAT = "dwarf-with-dsym";
				ENABLE_NS_ASSERTIONS = NO;
				ENABLE_STRICT_OBJC_MSGSEND = YES;
				GCC_C_LANGUAGE_STANDARD = gnu11;
				GCC_NO_COMMON_BLOCKS = YES;
				GCC_WARN_64_TO_32_BIT_CONVERSION = YES;
				GCC_WARN_ABOUT_RETURN_TYPE = YES_ERROR;
				GCC_WARN_UNDECLARED_SELECTOR = YES;
				GCC_WARN_UNINITIALIZED_AUTOS = YES_AGGRESSIVE;
				GCC_WARN_UNUSED_FUNCTION = YES;
				GCC_WARN_UNUSED_VARIABLE = YES;
				IPHONEOS_DEPLOYMENT_TARGET = 15.5;
				MTL_ENABLE_DEBUG_INFO = NO;
				MTL_FAST_MATH = YES;
				SDKROOT = iphoneos;
				SWIFT_COMPILATION_MODE = wholemodule;
				SWIFT_OPTIMIZATION_LEVEL = "-O";
				VALIDATE_PRODUCT = YES;
			};
			name = Release;
		};
		F56A4DE828BC52AC006866DD /* Debug */ = {
			isa = XCBuildConfiguration;
			buildSettings = {
				ASSETCATALOG_COMPILER_APPICON_NAME = AppIcon;
				ASSETCATALOG_COMPILER_GLOBAL_ACCENT_COLOR_NAME = AccentColor;
				CODE_SIGN_STYLE = Automatic;
				CURRENT_PROJECT_VERSION = 1;
				DEVELOPMENT_TEAM = 7WZ464RT76;
				GENERATE_INFOPLIST_FILE = YES;
				INFOPLIST_FILE = Pitzz/Info.plist;
				INFOPLIST_KEY_UIApplicationSupportsIndirectInputEvents = YES;
				INFOPLIST_KEY_UILaunchStoryboardName = Loading;
				INFOPLIST_KEY_UIMainStoryboardFile = Loading;
				INFOPLIST_KEY_UISupportedInterfaceOrientations = UIInterfaceOrientationPortrait;
				INFOPLIST_KEY_UISupportedInterfaceOrientations_iPad = "UIInterfaceOrientationPortrait UIInterfaceOrientationPortraitUpsideDown UIInterfaceOrientationLandscapeLeft UIInterfaceOrientationLandscapeRight";
				INFOPLIST_KEY_UISupportedInterfaceOrientations_iPhone = "UIInterfaceOrientationPortrait UIInterfaceOrientationLandscapeLeft UIInterfaceOrientationLandscapeRight";
				LD_RUNPATH_SEARCH_PATHS = (
					"$(inherited)",
					"@executable_path/Frameworks",
				);
				MARKETING_VERSION = 1.0;
				PRODUCT_BUNDLE_IDENTIFIER = com.github.fajaragungpramana.Pitzz;
				PRODUCT_NAME = "$(TARGET_NAME)";
				SWIFT_EMIT_LOC_STRINGS = YES;
				SWIFT_VERSION = 5.0;
				TARGETED_DEVICE_FAMILY = 1;
			};
			name = Debug;
		};
		F56A4DE928BC52AC006866DD /* Release */ = {
			isa = XCBuildConfiguration;
			buildSettings = {
				ASSETCATALOG_COMPILER_APPICON_NAME = AppIcon;
				ASSETCATALOG_COMPILER_GLOBAL_ACCENT_COLOR_NAME = AccentColor;
				CODE_SIGN_STYLE = Automatic;
				CURRENT_PROJECT_VERSION = 1;
				DEVELOPMENT_TEAM = 7WZ464RT76;
				GENERATE_INFOPLIST_FILE = YES;
				INFOPLIST_FILE = Pitzz/Info.plist;
				INFOPLIST_KEY_UIApplicationSupportsIndirectInputEvents = YES;
				INFOPLIST_KEY_UILaunchStoryboardName = Loading;
				INFOPLIST_KEY_UIMainStoryboardFile = Loading;
				INFOPLIST_KEY_UISupportedInterfaceOrientations = UIInterfaceOrientationPortrait;
				INFOPLIST_KEY_UISupportedInterfaceOrientations_iPad = "UIInterfaceOrientationPortrait UIInterfaceOrientationPortraitUpsideDown UIInterfaceOrientationLandscapeLeft UIInterfaceOrientationLandscapeRight";
				INFOPLIST_KEY_UISupportedInterfaceOrientations_iPhone = "UIInterfaceOrientationPortrait UIInterfaceOrientationLandscapeLeft UIInterfaceOrientationLandscapeRight";
				LD_RUNPATH_SEARCH_PATHS = (
					"$(inherited)",
					"@executable_path/Frameworks",
				);
				MARKETING_VERSION = 1.0;
				PRODUCT_BUNDLE_IDENTIFIER = com.github.fajaragungpramana.Pitzz;
				PRODUCT_NAME = "$(TARGET_NAME)";
				SWIFT_EMIT_LOC_STRINGS = YES;
				SWIFT_VERSION = 5.0;
				TARGETED_DEVICE_FAMILY = 1;
			};
			name = Release;
		};
/* End XCBuildConfiguration section */

/* Begin XCConfigurationList section */
		F56A4DCE28BC52AB006866DD /* Build configuration list for PBXProject "Pitzz" */ = {
			isa = XCConfigurationList;
			buildConfigurations = (
				F56A4DE528BC52AC006866DD /* Debug */,
				F56A4DE628BC52AC006866DD /* Release */,
			);
			defaultConfigurationIsVisible = 0;
			defaultConfigurationName = Release;
		};
		F56A4DE728BC52AC006866DD /* Build configuration list for PBXNativeTarget "Pitzz" */ = {
			isa = XCConfigurationList;
			buildConfigurations = (
				F56A4DE828BC52AC006866DD /* Debug */,
				F56A4DE928BC52AC006866DD /* Release */,
			);
			defaultConfigurationIsVisible = 0;
			defaultConfigurationName = Release;
		};
/* End XCConfigurationList section */
	};
	rootObject = F56A4DCB28BC52AB006866DD /* Project object */;
}
